
Microsoft Visual Studio Solution File, Format Version 12.00
# Visual Studio 15
VisualStudioVersion = 15.0.28010.2041
MinimumVisualStudioVersion = 10.0.40219.1
Project("{FAE04EC0-301F-11D3-BF4B-00C04F79EFBC}") = "TuringTrader", "TuringTrader\TuringTrader.csproj", "{D862811C-5B92-4D27-8457-9254B103EFA2}"
EndProject
Project("{FAE04EC0-301F-11D3-BF4B-00C04F79EFBC}") = "Demos", "Demos\Demos.csproj", "{2E5C8DFA-B485-431A-9F54-D1473FFF8B65}"
EndProject
Project("{FAE04EC0-301F-11D3-BF4B-00C04F79EFBC}") = "SimulatorEngine", "SimulatorEngine\SimulatorEngine.csproj", "{5D08F12A-F6BE-4D9F-ADBE-014E261A6D51}"
EndProject
Project("{FAE04EC0-301F-11D3-BF4B-00C04F79EFBC}") = "Tests", "Tests\Tests.csproj", "{1A80F585-5AF8-44AB-B19B-59EBA476E9EF}"
EndProject
Global
	GlobalSection(SolutionConfigurationPlatforms) = preSolution
		Debug|Any CPU = Debug|Any CPU
		Release|Any CPU = Release|Any CPU
	EndGlobalSection
	GlobalSection(ProjectConfigurationPlatforms) = postSolution
		{D862811C-5B92-4D27-8457-9254B103EFA2}.Debug|Any CPU.ActiveCfg = Debug|Any CPU
		{D862811C-5B92-4D27-8457-9254B103EFA2}.Debug|Any CPU.Build.0 = Debug|Any CPU
		{D862811C-5B92-4D27-8457-9254B103EFA2}.Release|Any CPU.ActiveCfg = Release|Any CPU
		{D862811C-5B92-4D27-8457-9254B103EFA2}.Release|Any CPU.Build.0 = Release|Any CPU
		{2E5C8DFA-B485-431A-9F54-D1473FFF8B65}.Debug|Any CPU.ActiveCfg = Debug|Any CPU
		{2E5C8DFA-B485-431A-9F54-D1473FFF8B65}.Debug|Any CPU.Build.0 = Debug|Any CPU
		{2E5C8DFA-B485-431A-9F54-D1473FFF8B65}.Release|Any CPU.ActiveCfg = Release|Any CPU
		{2E5C8DFA-B485-431A-9F54-D1473FFF8B65}.Release|Any CPU.Build.0 = Release|Any CPU
		{5D08F12A-F6BE-4D9F-ADBE-014E261A6D51}.Debug|Any CPU.ActiveCfg = Debug|Any CPU
		{5D08F12A-F6BE-4D9F-ADBE-014E261A6D51}.Debug|Any CPU.Build.0 = Debug|Any CPU
		{5D08F12A-F6BE-4D9F-ADBE-014E261A6D51}.Release|Any CPU.ActiveCfg = Release|Any CPU
		{5D08F12A-F6BE-4D9F-ADBE-014E261A6D51}.Release|Any CPU.Build.0 = Release|Any CPU
		{1A80F585-5AF8-44AB-B19B-59EBA476E9EF}.Debug|Any CPU.ActiveCfg = Debug|Any CPU
		{1A80F585-5AF8-44AB-B19B-59EBA476E9EF}.Debug|Any CPU.Build.0 = Debug|Any CPU
		{1A80F585-5AF8-44AB-B19B-59EBA476E9EF}.Release|Any CPU.ActiveCfg = Release|Any CPU
		{1A80F585-5AF8-44AB-B19B-59EBA476E9EF}.Release|Any CPU.Build.0 = Release|Any CPU
	EndGlobalSection
	GlobalSection(SolutionProperties) = preSolution
		HideSolutionNode = FALSE
	EndGlobalSection
	GlobalSection(ExtensibilityGlobals) = postSolution
		SolutionGuid = {D6764C44-9A0E-42B4-9306-F2E3D5BC99E2}
	EndGlobalSection
EndGlobal
