
Microsoft Visual Studio Solution File, Format Version 12.00
# Visual Studio Version 16
VisualStudioVersion = 16.0.28922.388
MinimumVisualStudioVersion = 10.0.40219.1
Project("{FAE04EC0-301F-11D3-BF4B-00C04F79EFBC}") = "TuringTrader", "TuringTrader\TuringTrader.csproj", "{D862811C-5B92-4D27-8457-9254B103EFA2}"
EndProject
Project("{FAE04EC0-301F-11D3-BF4B-00C04F79EFBC}") = "SimulatorEngine", "SimulatorEngine\SimulatorEngine.csproj", "{5D08F12A-F6BE-4D9F-ADBE-014E261A6D51}"
EndProject
Project("{FAE04EC0-301F-11D3-BF4B-00C04F79EFBC}") = "SimulatorEngine.Tests", "SimulatorEngine.Tests\SimulatorEngine.Tests.csproj", "{EDAF1C04-33A8-4AEB-9CF3-BDFADE4CA908}"
EndProject
Project("{FAE04EC0-301F-11D3-BF4B-00C04F79EFBC}") = "BooksAndPubs", "BooksAndPubs\BooksAndPubs.csproj", "{3155C4AA-828F-4528-ADBB-B34E2E3D1C9C}"
EndProject
Project("{54435603-DBB4-11D2-8724-00A0C9A8B90C}") = "TuringTrader.Installer", "TuringTrader.Installer\TuringTrader.Installer.vdproj", "{21910FE8-37E8-41DC-B565-85CC7E8134E8}"
	ProjectSection(ProjectDependencies) = postProject
		{D862811C-5B92-4D27-8457-9254B103EFA2} = {D862811C-5B92-4D27-8457-9254B103EFA2}
		{5D08F12A-F6BE-4D9F-ADBE-014E261A6D51} = {5D08F12A-F6BE-4D9F-ADBE-014E261A6D51}
		{3155C4AA-828F-4528-ADBB-B34E2E3D1C9C} = {3155C4AA-828F-4528-ADBB-B34E2E3D1C9C}
	EndProjectSection
EndProject
Global
	GlobalSection(SolutionConfigurationPlatforms) = preSolution
		Debug|Any CPU = Debug|Any CPU
		Release|Any CPU = Release|Any CPU
	EndGlobalSection
	GlobalSection(ProjectConfigurationPlatforms) = postSolution
		{D862811C-5B92-4D27-8457-9254B103EFA2}.Debug|Any CPU.ActiveCfg = Debug|Any CPU
		{D862811C-5B92-4D27-8457-9254B103EFA2}.Debug|Any CPU.Build.0 = Debug|Any CPU
		{D862811C-5B92-4D27-8457-9254B103EFA2}.Release|Any CPU.ActiveCfg = Release|Any CPU
		{D862811C-5B92-4D27-8457-9254B103EFA2}.Release|Any CPU.Build.0 = Release|Any CPU
		{5D08F12A-F6BE-4D9F-ADBE-014E261A6D51}.Debug|Any CPU.ActiveCfg = Debug|Any CPU
		{5D08F12A-F6BE-4D9F-ADBE-014E261A6D51}.Debug|Any CPU.Build.0 = Debug|Any CPU
		{5D08F12A-F6BE-4D9F-ADBE-014E261A6D51}.Release|Any CPU.ActiveCfg = Release|Any CPU
		{5D08F12A-F6BE-4D9F-ADBE-014E261A6D51}.Release|Any CPU.Build.0 = Release|Any CPU
		{EDAF1C04-33A8-4AEB-9CF3-BDFADE4CA908}.Debug|Any CPU.ActiveCfg = Debug|Any CPU
		{EDAF1C04-33A8-4AEB-9CF3-BDFADE4CA908}.Debug|Any CPU.Build.0 = Debug|Any CPU
		{EDAF1C04-33A8-4AEB-9CF3-BDFADE4CA908}.Release|Any CPU.ActiveCfg = Release|Any CPU
		{EDAF1C04-33A8-4AEB-9CF3-BDFADE4CA908}.Release|Any CPU.Build.0 = Release|Any CPU
		{3155C4AA-828F-4528-ADBB-B34E2E3D1C9C}.Debug|Any CPU.ActiveCfg = Debug|Any CPU
		{3155C4AA-828F-4528-ADBB-B34E2E3D1C9C}.Debug|Any CPU.Build.0 = Debug|Any CPU
		{3155C4AA-828F-4528-ADBB-B34E2E3D1C9C}.Release|Any CPU.ActiveCfg = Release|Any CPU
		{3155C4AA-828F-4528-ADBB-B34E2E3D1C9C}.Release|Any CPU.Build.0 = Release|Any CPU
		{21910FE8-37E8-41DC-B565-85CC7E8134E8}.Debug|Any CPU.ActiveCfg = Debug
		{21910FE8-37E8-41DC-B565-85CC7E8134E8}.Release|Any CPU.ActiveCfg = Release
		{21910FE8-37E8-41DC-B565-85CC7E8134E8}.Release|Any CPU.Build.0 = Release
	EndGlobalSection
	GlobalSection(SolutionProperties) = preSolution
		HideSolutionNode = FALSE
	EndGlobalSection
	GlobalSection(ExtensibilityGlobals) = postSolution
		SolutionGuid = {D6764C44-9A0E-42B4-9306-F2E3D5BC99E2}
	EndGlobalSection
EndGlobal
