
Microsoft Visual Studio Solution File, Format Version 12.00
# Visual Studio 14
VisualStudioVersion = 14.0.25420.1
MinimumVisualStudioVersion = 10.0.40219.1
Project("{FAE04EC0-301F-11D3-BF4B-00C04F79EFBC}") = "SimulatorEngine", "SimulatorEngine\SimulatorEngine.csproj", "{279F2A6E-FAA4-4E8A-9E75-DAFC7D8DABB3}"
EndProject
Project("{FAE04EC0-301F-11D3-BF4B-00C04F79EFBC}") = "Demo01_Indicators", "Demo01_Indicators\Demo01_Indicators.csproj", "{1C8930B5-3AF3-413F-BF2A-5406BE8145B3}"
EndProject
Project("{FAE04EC0-301F-11D3-BF4B-00C04F79EFBC}") = "Demo03_Portfolio", "Demo03_Portfolio\Demo03_Portfolio.csproj", "{57E72A44-8C6A-4090-803E-D71731B48D3C}"
EndProject
Project("{FAE04EC0-301F-11D3-BF4B-00C04F79EFBC}") = "Demo04_Options", "Demo04_Options\Demo04_Options.csproj", "{554DC89A-391D-4D12-B461-D49B43D2CE27}"
EndProject
Project("{FAE04EC0-301F-11D3-BF4B-00C04F79EFBC}") = "Demo02_Stocks", "Demo02_Stocks\Demo02_Stocks.csproj", "{DA421E04-4D17-4413-8546-416AD0015F7B}"
EndProject
Global
	GlobalSection(SolutionConfigurationPlatforms) = preSolution
		Debug|Any CPU = Debug|Any CPU
		Release|Any CPU = Release|Any CPU
	EndGlobalSection
	GlobalSection(ProjectConfigurationPlatforms) = postSolution
		{279F2A6E-FAA4-4E8A-9E75-DAFC7D8DABB3}.Debug|Any CPU.ActiveCfg = Debug|Any CPU
		{279F2A6E-FAA4-4E8A-9E75-DAFC7D8DABB3}.Debug|Any CPU.Build.0 = Debug|Any CPU
		{279F2A6E-FAA4-4E8A-9E75-DAFC7D8DABB3}.Release|Any CPU.ActiveCfg = Release|Any CPU
		{279F2A6E-FAA4-4E8A-9E75-DAFC7D8DABB3}.Release|Any CPU.Build.0 = Release|Any CPU
		{1C8930B5-3AF3-413F-BF2A-5406BE8145B3}.Debug|Any CPU.ActiveCfg = Debug|Any CPU
		{1C8930B5-3AF3-413F-BF2A-5406BE8145B3}.Debug|Any CPU.Build.0 = Debug|Any CPU
		{1C8930B5-3AF3-413F-BF2A-5406BE8145B3}.Release|Any CPU.ActiveCfg = Release|Any CPU
		{1C8930B5-3AF3-413F-BF2A-5406BE8145B3}.Release|Any CPU.Build.0 = Release|Any CPU
		{57E72A44-8C6A-4090-803E-D71731B48D3C}.Debug|Any CPU.ActiveCfg = Debug|Any CPU
		{57E72A44-8C6A-4090-803E-D71731B48D3C}.Debug|Any CPU.Build.0 = Debug|Any CPU
		{57E72A44-8C6A-4090-803E-D71731B48D3C}.Release|Any CPU.ActiveCfg = Release|Any CPU
		{57E72A44-8C6A-4090-803E-D71731B48D3C}.Release|Any CPU.Build.0 = Release|Any CPU
		{554DC89A-391D-4D12-B461-D49B43D2CE27}.Debug|Any CPU.ActiveCfg = Debug|Any CPU
		{554DC89A-391D-4D12-B461-D49B43D2CE27}.Debug|Any CPU.Build.0 = Debug|Any CPU
		{554DC89A-391D-4D12-B461-D49B43D2CE27}.Release|Any CPU.ActiveCfg = Release|Any CPU
		{554DC89A-391D-4D12-B461-D49B43D2CE27}.Release|Any CPU.Build.0 = Release|Any CPU
		{DA421E04-4D17-4413-8546-416AD0015F7B}.Debug|Any CPU.ActiveCfg = Debug|Any CPU
		{DA421E04-4D17-4413-8546-416AD0015F7B}.Debug|Any CPU.Build.0 = Debug|Any CPU
		{DA421E04-4D17-4413-8546-416AD0015F7B}.Release|Any CPU.ActiveCfg = Release|Any CPU
		{DA421E04-4D17-4413-8546-416AD0015F7B}.Release|Any CPU.Build.0 = Release|Any CPU
	EndGlobalSection
	GlobalSection(SolutionProperties) = preSolution
		HideSolutionNode = FALSE
	EndGlobalSection
EndGlobal
