
Microsoft Visual Studio Solution File, Format Version 12.00
# Visual Studio Version 16
VisualStudioVersion = 16.0.29021.104
MinimumVisualStudioVersion = 10.0.40219.1
Project("{9A19103F-16F7-4668-BE54-9A1E7A4F7556}") = "BooksAndPubs", "BooksAndPubs.csproj", "{B0B8F599-9B81-4932-81E3-EF965A177873}"
EndProject
Global
	GlobalSection(SolutionConfigurationPlatforms) = preSolution
		Debug|x64 = Debug|x64
		Release|x64 = Release|x64
	EndGlobalSection
	GlobalSection(ProjectConfigurationPlatforms) = postSolution
		{B0B8F599-9B81-4932-81E3-EF965A177873}.Debug|x64.ActiveCfg = Debug|x64
		{B0B8F599-9B81-4932-81E3-EF965A177873}.Debug|x64.Build.0 = Debug|x64
		{B0B8F599-9B81-4932-81E3-EF965A177873}.Release|x64.ActiveCfg = Release|x64
		{B0B8F599-9B81-4932-81E3-EF965A177873}.Release|x64.Build.0 = Release|x64
	EndGlobalSection
	GlobalSection(SolutionProperties) = preSolution
		HideSolutionNode = FALSE
	EndGlobalSection
	GlobalSection(ExtensibilityGlobals) = postSolution
		SolutionGuid = {A1AE279C-EB8D-4663-9B36-35DC0017AF23}
	EndGlobalSection
EndGlobal
